
Microsoft Visual Studio Solution File, Format Version 12.00
# Visual Studio Version 16
VisualStudioVersion = 16.0.31105.61
MinimumVisualStudioVersion = 10.0.40219.1
Project("{FAE04EC0-301F-11D3-BF4B-00C04F79EFBC}") = "VA", "VA\VA.csproj", "{03FBDDCA-2304-4877-9D0F-5885F7270B89}"
EndProject
Global
	GlobalSection(SolutionConfigurationPlatforms) = preSolution
		Debug|Any CPU = Debug|Any CPU
		Release|Any CPU = Release|Any CPU
	EndGlobalSection
	GlobalSection(ProjectConfigurationPlatforms) = postSolution
		{03FBDDCA-2304-4877-9D0F-5885F7270B89}.Debug|Any CPU.ActiveCfg = Debug|Any CPU
		{03FBDDCA-2304-4877-9D0F-5885F7270B89}.Debug|Any CPU.Build.0 = Debug|Any CPU
		{03FBDDCA-2304-4877-9D0F-5885F7270B89}.Release|Any CPU.ActiveCfg = Release|Any CPU
		{03FBDDCA-2304-4877-9D0F-5885F7270B89}.Release|Any CPU.Build.0 = Release|Any CPU
	EndGlobalSection
	GlobalSection(SolutionProperties) = preSolution
		HideSolutionNode = FALSE
	EndGlobalSection
	GlobalSection(ExtensibilityGlobals) = postSolution
		SolutionGuid = {939EC2DE-98D7-4CF8-8869-7CE9B930182C}
	EndGlobalSection
EndGlobal
